
Microsoft Visual Studio Solution File, Format Version 12.00
# Visual Studio 15
VisualStudioVersion = 15.0.26124.0
MinimumVisualStudioVersion = 15.0.26124.0
Project("{FAE04EC0-301F-11D3-BF4B-00C04F79EFBC}") = "Domain", "Domain\Domain.csproj", "{A2467E0F-88D9-4995-879C-54824E787AEC}"
EndProject
Project("{FAE04EC0-301F-11D3-BF4B-00C04F79EFBC}") = "Application", "Application\Application.csproj", "{CF2CAD12-D617-4E16-95A9-642DA7D83E22}"
EndProject
Project("{FAE04EC0-301F-11D3-BF4B-00C04F79EFBC}") = "Persistence", "Persistence\Persistence.csproj", "{547944FE-6FB9-4715-8E90-FD14DFBB22A5}"
EndProject
Project("{FAE04EC0-301F-11D3-BF4B-00C04F79EFBC}") = "API", "API\API.csproj", "{F0BAC488-382B-463B-982B-F3EE7BC70C73}"
EndProject
Global
	GlobalSection(SolutionConfigurationPlatforms) = preSolution
		Debug|Any CPU = Debug|Any CPU
		Debug|x64 = Debug|x64
		Debug|x86 = Debug|x86
		Release|Any CPU = Release|Any CPU
		Release|x64 = Release|x64
		Release|x86 = Release|x86
	EndGlobalSection
	GlobalSection(SolutionProperties) = preSolution
		HideSolutionNode = FALSE
	EndGlobalSection
	GlobalSection(ProjectConfigurationPlatforms) = postSolution
		{A2467E0F-88D9-4995-879C-54824E787AEC}.Debug|Any CPU.ActiveCfg = Debug|Any CPU
		{A2467E0F-88D9-4995-879C-54824E787AEC}.Debug|Any CPU.Build.0 = Debug|Any CPU
		{A2467E0F-88D9-4995-879C-54824E787AEC}.Debug|x64.ActiveCfg = Debug|Any CPU
		{A2467E0F-88D9-4995-879C-54824E787AEC}.Debug|x64.Build.0 = Debug|Any CPU
		{A2467E0F-88D9-4995-879C-54824E787AEC}.Debug|x86.ActiveCfg = Debug|Any CPU
		{A2467E0F-88D9-4995-879C-54824E787AEC}.Debug|x86.Build.0 = Debug|Any CPU
		{A2467E0F-88D9-4995-879C-54824E787AEC}.Release|Any CPU.ActiveCfg = Release|Any CPU
		{A2467E0F-88D9-4995-879C-54824E787AEC}.Release|Any CPU.Build.0 = Release|Any CPU
		{A2467E0F-88D9-4995-879C-54824E787AEC}.Release|x64.ActiveCfg = Release|Any CPU
		{A2467E0F-88D9-4995-879C-54824E787AEC}.Release|x64.Build.0 = Release|Any CPU
		{A2467E0F-88D9-4995-879C-54824E787AEC}.Release|x86.ActiveCfg = Release|Any CPU
		{A2467E0F-88D9-4995-879C-54824E787AEC}.Release|x86.Build.0 = Release|Any CPU
		{CF2CAD12-D617-4E16-95A9-642DA7D83E22}.Debug|Any CPU.ActiveCfg = Debug|Any CPU
		{CF2CAD12-D617-4E16-95A9-642DA7D83E22}.Debug|Any CPU.Build.0 = Debug|Any CPU
		{CF2CAD12-D617-4E16-95A9-642DA7D83E22}.Debug|x64.ActiveCfg = Debug|Any CPU
		{CF2CAD12-D617-4E16-95A9-642DA7D83E22}.Debug|x64.Build.0 = Debug|Any CPU
		{CF2CAD12-D617-4E16-95A9-642DA7D83E22}.Debug|x86.ActiveCfg = Debug|Any CPU
		{CF2CAD12-D617-4E16-95A9-642DA7D83E22}.Debug|x86.Build.0 = Debug|Any CPU
		{CF2CAD12-D617-4E16-95A9-642DA7D83E22}.Release|Any CPU.ActiveCfg = Release|Any CPU
		{CF2CAD12-D617-4E16-95A9-642DA7D83E22}.Release|Any CPU.Build.0 = Release|Any CPU
		{CF2CAD12-D617-4E16-95A9-642DA7D83E22}.Release|x64.ActiveCfg = Release|Any CPU
		{CF2CAD12-D617-4E16-95A9-642DA7D83E22}.Release|x64.Build.0 = Release|Any CPU
		{CF2CAD12-D617-4E16-95A9-642DA7D83E22}.Release|x86.ActiveCfg = Release|Any CPU
		{CF2CAD12-D617-4E16-95A9-642DA7D83E22}.Release|x86.Build.0 = Release|Any CPU
		{547944FE-6FB9-4715-8E90-FD14DFBB22A5}.Debug|Any CPU.ActiveCfg = Debug|Any CPU
		{547944FE-6FB9-4715-8E90-FD14DFBB22A5}.Debug|Any CPU.Build.0 = Debug|Any CPU
		{547944FE-6FB9-4715-8E90-FD14DFBB22A5}.Debug|x64.ActiveCfg = Debug|Any CPU
		{547944FE-6FB9-4715-8E90-FD14DFBB22A5}.Debug|x64.Build.0 = Debug|Any CPU
		{547944FE-6FB9-4715-8E90-FD14DFBB22A5}.Debug|x86.ActiveCfg = Debug|Any CPU
		{547944FE-6FB9-4715-8E90-FD14DFBB22A5}.Debug|x86.Build.0 = Debug|Any CPU
		{547944FE-6FB9-4715-8E90-FD14DFBB22A5}.Release|Any CPU.ActiveCfg = Release|Any CPU
		{547944FE-6FB9-4715-8E90-FD14DFBB22A5}.Release|Any CPU.Build.0 = Release|Any CPU
		{547944FE-6FB9-4715-8E90-FD14DFBB22A5}.Release|x64.ActiveCfg = Release|Any CPU
		{547944FE-6FB9-4715-8E90-FD14DFBB22A5}.Release|x64.Build.0 = Release|Any CPU
		{547944FE-6FB9-4715-8E90-FD14DFBB22A5}.Release|x86.ActiveCfg = Release|Any CPU
		{547944FE-6FB9-4715-8E90-FD14DFBB22A5}.Release|x86.Build.0 = Release|Any CPU
		{F0BAC488-382B-463B-982B-F3EE7BC70C73}.Debug|Any CPU.ActiveCfg = Debug|Any CPU
		{F0BAC488-382B-463B-982B-F3EE7BC70C73}.Debug|Any CPU.Build.0 = Debug|Any CPU
		{F0BAC488-382B-463B-982B-F3EE7BC70C73}.Debug|x64.ActiveCfg = Debug|Any CPU
		{F0BAC488-382B-463B-982B-F3EE7BC70C73}.Debug|x64.Build.0 = Debug|Any CPU
		{F0BAC488-382B-463B-982B-F3EE7BC70C73}.Debug|x86.ActiveCfg = Debug|Any CPU
		{F0BAC488-382B-463B-982B-F3EE7BC70C73}.Debug|x86.Build.0 = Debug|Any CPU
		{F0BAC488-382B-463B-982B-F3EE7BC70C73}.Release|Any CPU.ActiveCfg = Release|Any CPU
		{F0BAC488-382B-463B-982B-F3EE7BC70C73}.Release|Any CPU.Build.0 = Release|Any CPU
		{F0BAC488-382B-463B-982B-F3EE7BC70C73}.Release|x64.ActiveCfg = Release|Any CPU
		{F0BAC488-382B-463B-982B-F3EE7BC70C73}.Release|x64.Build.0 = Release|Any CPU
		{F0BAC488-382B-463B-982B-F3EE7BC70C73}.Release|x86.ActiveCfg = Release|Any CPU
		{F0BAC488-382B-463B-982B-F3EE7BC70C73}.Release|x86.Build.0 = Release|Any CPU
	EndGlobalSection
EndGlobal
